
Microsoft Visual Studio Solution File, Format Version 12.00
# Visual Studio Version 17
VisualStudioVersion = 17.14.36310.24
MinimumVisualStudioVersion = 10.0.40219.1
Project("{FAE04EC0-301F-11D3-BF4B-00C04F79EFBC}") = "Personel Egitim Takip Sistemi", "Personel Egitim Takip Sistemi\Personel Egitim Takip Sistemi.csproj", "{D84EEC37-8D2E-4CFF-A5F1-91E0DE74509B}"
EndProject
Project("{2150E333-8FDC-42A3-9474-1A3956D46DE8}") = "Solution Items", "Solution Items", "{8EC462FD-D22E-90A8-E5CE-7E832BA40C5D}"
	ProjectSection(SolutionItems) = preProject
		..\..\..\Downloads\imbat-removebg-preview.ico = ..\..\..\Downloads\imbat-removebg-preview.ico
		..\..\imbat-removebg-preview.png = ..\..\imbat-removebg-preview.png
	EndProjectSection
EndProject
Global
	GlobalSection(SolutionConfigurationPlatforms) = preSolution
		Debug|Any CPU = Debug|Any CPU
		Release|Any CPU = Release|Any CPU
	EndGlobalSection
	GlobalSection(ProjectConfigurationPlatforms) = postSolution
		{D84EEC37-8D2E-4CFF-A5F1-91E0DE74509B}.Debug|Any CPU.ActiveCfg = Debug|Any CPU
		{D84EEC37-8D2E-4CFF-A5F1-91E0DE74509B}.Debug|Any CPU.Build.0 = Debug|Any CPU
		{D84EEC37-8D2E-4CFF-A5F1-91E0DE74509B}.Release|Any CPU.ActiveCfg = Release|Any CPU
		{D84EEC37-8D2E-4CFF-A5F1-91E0DE74509B}.Release|Any CPU.Build.0 = Release|Any CPU
	EndGlobalSection
	GlobalSection(SolutionProperties) = preSolution
		HideSolutionNode = FALSE
	EndGlobalSection
	GlobalSection(ExtensibilityGlobals) = postSolution
		SolutionGuid = {37403F10-22DF-47F6-B6DD-0140C6D94062}
	EndGlobalSection
EndGlobal
